
Microsoft Visual Studio Solution File, Format Version 12.00
# Visual Studio Version 16
VisualStudioVersion = 16.0.29509.3
MinimumVisualStudioVersion = 10.0.40219.1
Project("{9A19103F-16F7-4668-BE54-9A1E7A4F7556}") = "LearningOOP", "LearningOOP\LearningOOP.csproj", "{C91EB559-8E8B-4E67-AB3B-ECD67CC54A5D}"
EndProject
Project("{9A19103F-16F7-4668-BE54-9A1E7A4F7556}") = "InterfaceEx", "InterfaceEx\InterfaceEx.csproj", "{9AD3DCF4-0F20-4A09-8652-A0BF08C766A2}"
EndProject
Project("{9A19103F-16F7-4668-BE54-9A1E7A4F7556}") = "HackerRank", "HackerRank\HackerRank.csproj", "{69FB3851-2A77-4995-B324-B397D8BC3396}"
EndProject
Global
	GlobalSection(SolutionConfigurationPlatforms) = preSolution
		Debug|Any CPU = Debug|Any CPU
		Release|Any CPU = Release|Any CPU
	EndGlobalSection
	GlobalSection(ProjectConfigurationPlatforms) = postSolution
		{C91EB559-8E8B-4E67-AB3B-ECD67CC54A5D}.Debug|Any CPU.ActiveCfg = Debug|Any CPU
		{C91EB559-8E8B-4E67-AB3B-ECD67CC54A5D}.Debug|Any CPU.Build.0 = Debug|Any CPU
		{C91EB559-8E8B-4E67-AB3B-ECD67CC54A5D}.Release|Any CPU.ActiveCfg = Release|Any CPU
		{C91EB559-8E8B-4E67-AB3B-ECD67CC54A5D}.Release|Any CPU.Build.0 = Release|Any CPU
		{9AD3DCF4-0F20-4A09-8652-A0BF08C766A2}.Debug|Any CPU.ActiveCfg = Debug|Any CPU
		{9AD3DCF4-0F20-4A09-8652-A0BF08C766A2}.Debug|Any CPU.Build.0 = Debug|Any CPU
		{9AD3DCF4-0F20-4A09-8652-A0BF08C766A2}.Release|Any CPU.ActiveCfg = Release|Any CPU
		{9AD3DCF4-0F20-4A09-8652-A0BF08C766A2}.Release|Any CPU.Build.0 = Release|Any CPU
		{69FB3851-2A77-4995-B324-B397D8BC3396}.Debug|Any CPU.ActiveCfg = Debug|Any CPU
		{69FB3851-2A77-4995-B324-B397D8BC3396}.Debug|Any CPU.Build.0 = Debug|Any CPU
		{69FB3851-2A77-4995-B324-B397D8BC3396}.Release|Any CPU.ActiveCfg = Release|Any CPU
		{69FB3851-2A77-4995-B324-B397D8BC3396}.Release|Any CPU.Build.0 = Release|Any CPU
	EndGlobalSection
	GlobalSection(SolutionProperties) = preSolution
		HideSolutionNode = FALSE
	EndGlobalSection
	GlobalSection(ExtensibilityGlobals) = postSolution
		SolutionGuid = {8A2523FC-8B30-4984-9668-40DAB420F1B6}
	EndGlobalSection
EndGlobal
